
Microsoft Visual Studio Solution File, Format Version 12.00
# Visual Studio Version 16
VisualStudioVersion = 16.0.30717.126
MinimumVisualStudioVersion = 10.0.40219.1
Project("{FAE04EC0-301F-11D3-BF4B-00C04F79EFBC}") = "AirportVehicles", "AirportVehicles\AirportVehicles.csproj", "{BE66CB82-6D31-4A6B-8577-C220930096C1}"
EndProject
Global
	GlobalSection(SolutionConfigurationPlatforms) = preSolution
		Debug|Any CPU = Debug|Any CPU
		Release|Any CPU = Release|Any CPU
	EndGlobalSection
	GlobalSection(ProjectConfigurationPlatforms) = postSolution
		{BE66CB82-6D31-4A6B-8577-C220930096C1}.Debug|Any CPU.ActiveCfg = Debug|Any CPU
		{BE66CB82-6D31-4A6B-8577-C220930096C1}.Debug|Any CPU.Build.0 = Debug|Any CPU
		{BE66CB82-6D31-4A6B-8577-C220930096C1}.Release|Any CPU.ActiveCfg = Release|Any CPU
		{BE66CB82-6D31-4A6B-8577-C220930096C1}.Release|Any CPU.Build.0 = Release|Any CPU
	EndGlobalSection
	GlobalSection(SolutionProperties) = preSolution
		HideSolutionNode = FALSE
	EndGlobalSection
	GlobalSection(ExtensibilityGlobals) = postSolution
		SolutionGuid = {0FE53B42-63E2-42ED-830B-183ACB0EC199}
	EndGlobalSection
EndGlobal
